
Microsoft Visual Studio Solution File, Format Version 12.00
# Visual Studio Version 17
VisualStudioVersion = 17.0.31903.59
MinimumVisualStudioVersion = 10.0.40219.1
Project("{FAE04EC0-301F-11D3-BF4B-00C04F79EFBC}") = "Advent6-1", "Advent6-1\Advent6-1.csproj", "{0E7F4D63-E419-44CC-827A-D1DD2875B78D}"
EndProject
Global
	GlobalSection(SolutionConfigurationPlatforms) = preSolution
		Debug|Any CPU = Debug|Any CPU
		Release|Any CPU = Release|Any CPU
	EndGlobalSection
	GlobalSection(SolutionProperties) = preSolution
		HideSolutionNode = FALSE
	EndGlobalSection
	GlobalSection(ProjectConfigurationPlatforms) = postSolution
		{0E7F4D63-E419-44CC-827A-D1DD2875B78D}.Debug|Any CPU.ActiveCfg = Debug|Any CPU
		{0E7F4D63-E419-44CC-827A-D1DD2875B78D}.Debug|Any CPU.Build.0 = Debug|Any CPU
		{0E7F4D63-E419-44CC-827A-D1DD2875B78D}.Release|Any CPU.ActiveCfg = Release|Any CPU
		{0E7F4D63-E419-44CC-827A-D1DD2875B78D}.Release|Any CPU.Build.0 = Release|Any CPU
	EndGlobalSection
EndGlobal
